
Microsoft Visual Studio Solution File, Format Version 12.00
# Visual Studio Version 17
VisualStudioVersion = 17.7.34221.43
MinimumVisualStudioVersion = 10.0.40219.1
Project("{FAE04EC0-301F-11D3-BF4B-00C04F79EFBC}") = "01. Apocalypse Preparation", "01. Apocalypse Preparation\01. Apocalypse Preparation.csproj", "{B9C53074-CBB5-4339-9146-50FFAACDED28}"
EndProject
Project("{FAE04EC0-301F-11D3-BF4B-00C04F79EFBC}") = "02. Blind Man's Buff", "02. Blind Man's Buff\02. Blind Man's Buff.csproj", "{D4BAB67F-FAA6-4123-88F9-2329004C3B2D}"
EndProject
Global
	GlobalSection(SolutionConfigurationPlatforms) = preSolution
		Debug|Any CPU = Debug|Any CPU
		Release|Any CPU = Release|Any CPU
	EndGlobalSection
	GlobalSection(ProjectConfigurationPlatforms) = postSolution
		{B9C53074-CBB5-4339-9146-50FFAACDED28}.Debug|Any CPU.ActiveCfg = Debug|Any CPU
		{B9C53074-CBB5-4339-9146-50FFAACDED28}.Debug|Any CPU.Build.0 = Debug|Any CPU
		{B9C53074-CBB5-4339-9146-50FFAACDED28}.Release|Any CPU.ActiveCfg = Release|Any CPU
		{B9C53074-CBB5-4339-9146-50FFAACDED28}.Release|Any CPU.Build.0 = Release|Any CPU
		{D4BAB67F-FAA6-4123-88F9-2329004C3B2D}.Debug|Any CPU.ActiveCfg = Debug|Any CPU
		{D4BAB67F-FAA6-4123-88F9-2329004C3B2D}.Debug|Any CPU.Build.0 = Debug|Any CPU
		{D4BAB67F-FAA6-4123-88F9-2329004C3B2D}.Release|Any CPU.ActiveCfg = Release|Any CPU
		{D4BAB67F-FAA6-4123-88F9-2329004C3B2D}.Release|Any CPU.Build.0 = Release|Any CPU
	EndGlobalSection
	GlobalSection(SolutionProperties) = preSolution
		HideSolutionNode = FALSE
	EndGlobalSection
	GlobalSection(ExtensibilityGlobals) = postSolution
		SolutionGuid = {19E12813-B53F-4A9F-9ADB-DB3340577771}
	EndGlobalSection
EndGlobal
