
Microsoft Visual Studio Solution File, Format Version 12.00
# Visual Studio Version 17
VisualStudioVersion = 17.7.34221.43
MinimumVisualStudioVersion = 10.0.40219.1
Project("{FAE04EC0-301F-11D3-BF4B-00C04F79EFBC}") = "01. Sort Even Numbers", "01. Sort Even Numbers\01. Sort Even Numbers.csproj", "{82B2AC5B-D0E8-4D41-BB8C-CECDC154B0B0}"
EndProject
Project("{FAE04EC0-301F-11D3-BF4B-00C04F79EFBC}") = "02. Sum Numbers", "02. Sum Numbers\02. Sum Numbers.csproj", "{FB558DED-9DC1-4A4F-B01C-1DE4B90ECC27}"
EndProject
Project("{FAE04EC0-301F-11D3-BF4B-00C04F79EFBC}") = "03. Count Uppercase Words", "03. Count Uppercase Words\03. Count Uppercase Words.csproj", "{6059148F-894F-4EAF-A0DB-57EFBE0DAB0E}"
EndProject
Project("{FAE04EC0-301F-11D3-BF4B-00C04F79EFBC}") = "04. Add VAT", "04. Add VAT\04. Add VAT.csproj", "{05971B92-E4CB-4578-93E9-83CCA91A718B}"
EndProject
Project("{FAE04EC0-301F-11D3-BF4B-00C04F79EFBC}") = "05. Filter By Age", "05. Filter By Age\05. Filter By Age.csproj", "{469D36DE-93BC-44A5-8A41-104F112027A6}"
EndProject
Global
	GlobalSection(SolutionConfigurationPlatforms) = preSolution
		Debug|Any CPU = Debug|Any CPU
		Release|Any CPU = Release|Any CPU
	EndGlobalSection
	GlobalSection(ProjectConfigurationPlatforms) = postSolution
		{82B2AC5B-D0E8-4D41-BB8C-CECDC154B0B0}.Debug|Any CPU.ActiveCfg = Debug|Any CPU
		{82B2AC5B-D0E8-4D41-BB8C-CECDC154B0B0}.Debug|Any CPU.Build.0 = Debug|Any CPU
		{82B2AC5B-D0E8-4D41-BB8C-CECDC154B0B0}.Release|Any CPU.ActiveCfg = Release|Any CPU
		{82B2AC5B-D0E8-4D41-BB8C-CECDC154B0B0}.Release|Any CPU.Build.0 = Release|Any CPU
		{FB558DED-9DC1-4A4F-B01C-1DE4B90ECC27}.Debug|Any CPU.ActiveCfg = Debug|Any CPU
		{FB558DED-9DC1-4A4F-B01C-1DE4B90ECC27}.Debug|Any CPU.Build.0 = Debug|Any CPU
		{FB558DED-9DC1-4A4F-B01C-1DE4B90ECC27}.Release|Any CPU.ActiveCfg = Release|Any CPU
		{FB558DED-9DC1-4A4F-B01C-1DE4B90ECC27}.Release|Any CPU.Build.0 = Release|Any CPU
		{6059148F-894F-4EAF-A0DB-57EFBE0DAB0E}.Debug|Any CPU.ActiveCfg = Debug|Any CPU
		{6059148F-894F-4EAF-A0DB-57EFBE0DAB0E}.Debug|Any CPU.Build.0 = Debug|Any CPU
		{6059148F-894F-4EAF-A0DB-57EFBE0DAB0E}.Release|Any CPU.ActiveCfg = Release|Any CPU
		{6059148F-894F-4EAF-A0DB-57EFBE0DAB0E}.Release|Any CPU.Build.0 = Release|Any CPU
		{05971B92-E4CB-4578-93E9-83CCA91A718B}.Debug|Any CPU.ActiveCfg = Debug|Any CPU
		{05971B92-E4CB-4578-93E9-83CCA91A718B}.Debug|Any CPU.Build.0 = Debug|Any CPU
		{05971B92-E4CB-4578-93E9-83CCA91A718B}.Release|Any CPU.ActiveCfg = Release|Any CPU
		{05971B92-E4CB-4578-93E9-83CCA91A718B}.Release|Any CPU.Build.0 = Release|Any CPU
		{469D36DE-93BC-44A5-8A41-104F112027A6}.Debug|Any CPU.ActiveCfg = Debug|Any CPU
		{469D36DE-93BC-44A5-8A41-104F112027A6}.Debug|Any CPU.Build.0 = Debug|Any CPU
		{469D36DE-93BC-44A5-8A41-104F112027A6}.Release|Any CPU.ActiveCfg = Release|Any CPU
		{469D36DE-93BC-44A5-8A41-104F112027A6}.Release|Any CPU.Build.0 = Release|Any CPU
	EndGlobalSection
	GlobalSection(SolutionProperties) = preSolution
		HideSolutionNode = FALSE
	EndGlobalSection
	GlobalSection(ExtensibilityGlobals) = postSolution
		SolutionGuid = {5AFFE747-0CE8-4AF0-984E-2615158DF825}
	EndGlobalSection
EndGlobal
