
Microsoft Visual Studio Solution File, Format Version 12.00
# Visual Studio Version 17
VisualStudioVersion = 17.7.34221.43
MinimumVisualStudioVersion = 10.0.40219.1
Project("{FAE04EC0-301F-11D3-BF4B-00C04F79EFBC}") = "Problem1", "Problem1\Problem1.csproj", "{EA56FD89-55B4-4619-A93A-D31CE0E75587}"
EndProject
Project("{FAE04EC0-301F-11D3-BF4B-00C04F79EFBC}") = "Problem2", "Problem2\Problem2.csproj", "{BFD26F2C-716E-400C-8D8F-341427844F3B}"
EndProject
Global
	GlobalSection(SolutionConfigurationPlatforms) = preSolution
		Debug|Any CPU = Debug|Any CPU
		Release|Any CPU = Release|Any CPU
	EndGlobalSection
	GlobalSection(ProjectConfigurationPlatforms) = postSolution
		{EA56FD89-55B4-4619-A93A-D31CE0E75587}.Debug|Any CPU.ActiveCfg = Debug|Any CPU
		{EA56FD89-55B4-4619-A93A-D31CE0E75587}.Debug|Any CPU.Build.0 = Debug|Any CPU
		{EA56FD89-55B4-4619-A93A-D31CE0E75587}.Release|Any CPU.ActiveCfg = Release|Any CPU
		{EA56FD89-55B4-4619-A93A-D31CE0E75587}.Release|Any CPU.Build.0 = Release|Any CPU
		{BFD26F2C-716E-400C-8D8F-341427844F3B}.Debug|Any CPU.ActiveCfg = Debug|Any CPU
		{BFD26F2C-716E-400C-8D8F-341427844F3B}.Debug|Any CPU.Build.0 = Debug|Any CPU
		{BFD26F2C-716E-400C-8D8F-341427844F3B}.Release|Any CPU.ActiveCfg = Release|Any CPU
		{BFD26F2C-716E-400C-8D8F-341427844F3B}.Release|Any CPU.Build.0 = Release|Any CPU
	EndGlobalSection
	GlobalSection(SolutionProperties) = preSolution
		HideSolutionNode = FALSE
	EndGlobalSection
	GlobalSection(ExtensibilityGlobals) = postSolution
		SolutionGuid = {46101156-C6C2-4E72-96F5-1700FF6C11C7}
	EndGlobalSection
EndGlobal
