
Microsoft Visual Studio Solution File, Format Version 12.00
# Visual Studio Version 17
VisualStudioVersion = 17.7.34221.43
MinimumVisualStudioVersion = 10.0.40219.1
Project("{FAE04EC0-301F-11D3-BF4B-00C04F79EFBC}") = "01. Temple of Doom", "01. Temple of Doom\01. Temple of Doom.csproj", "{0DAC8A52-B4A7-4898-B624-DFE297EAE206}"
EndProject
Project("{FAE04EC0-301F-11D3-BF4B-00C04F79EFBC}") = "02.MouseInTheKitchen", "02.MouseInTheKitchen\02.MouseInTheKitchen.csproj", "{1286EC11-C06F-4AF4-BF8A-4BE34A359CEE}"
EndProject
Global
	GlobalSection(SolutionConfigurationPlatforms) = preSolution
		Debug|Any CPU = Debug|Any CPU
		Release|Any CPU = Release|Any CPU
	EndGlobalSection
	GlobalSection(ProjectConfigurationPlatforms) = postSolution
		{0DAC8A52-B4A7-4898-B624-DFE297EAE206}.Debug|Any CPU.ActiveCfg = Debug|Any CPU
		{0DAC8A52-B4A7-4898-B624-DFE297EAE206}.Debug|Any CPU.Build.0 = Debug|Any CPU
		{0DAC8A52-B4A7-4898-B624-DFE297EAE206}.Release|Any CPU.ActiveCfg = Release|Any CPU
		{0DAC8A52-B4A7-4898-B624-DFE297EAE206}.Release|Any CPU.Build.0 = Release|Any CPU
		{1286EC11-C06F-4AF4-BF8A-4BE34A359CEE}.Debug|Any CPU.ActiveCfg = Debug|Any CPU
		{1286EC11-C06F-4AF4-BF8A-4BE34A359CEE}.Debug|Any CPU.Build.0 = Debug|Any CPU
		{1286EC11-C06F-4AF4-BF8A-4BE34A359CEE}.Release|Any CPU.ActiveCfg = Release|Any CPU
		{1286EC11-C06F-4AF4-BF8A-4BE34A359CEE}.Release|Any CPU.Build.0 = Release|Any CPU
	EndGlobalSection
	GlobalSection(SolutionProperties) = preSolution
		HideSolutionNode = FALSE
	EndGlobalSection
	GlobalSection(ExtensibilityGlobals) = postSolution
		SolutionGuid = {EF11574A-ACDC-4CD9-9477-6A3F3D609881}
	EndGlobalSection
EndGlobal
