
Microsoft Visual Studio Solution File, Format Version 12.00
# Visual Studio Version 17
VisualStudioVersion = 17.7.34221.43
MinimumVisualStudioVersion = 10.0.40219.1
Project("{FAE04EC0-301F-11D3-BF4B-00C04F79EFBC}") = "01.WormsAndHoles", "01.WormsAndHoles\01.WormsAndHoles.csproj", "{691C7A30-019A-46EB-BE3E-355FDA7453C7}"
EndProject
Project("{FAE04EC0-301F-11D3-BF4B-00C04F79EFBC}") = "02.TheGambler", "02.TheGambler\02.TheGambler.csproj", "{E6713962-6B5B-4340-8DAF-6BFC9D141CF0}"
EndProject
Global
	GlobalSection(SolutionConfigurationPlatforms) = preSolution
		Debug|Any CPU = Debug|Any CPU
		Release|Any CPU = Release|Any CPU
	EndGlobalSection
	GlobalSection(ProjectConfigurationPlatforms) = postSolution
		{691C7A30-019A-46EB-BE3E-355FDA7453C7}.Debug|Any CPU.ActiveCfg = Debug|Any CPU
		{691C7A30-019A-46EB-BE3E-355FDA7453C7}.Debug|Any CPU.Build.0 = Debug|Any CPU
		{691C7A30-019A-46EB-BE3E-355FDA7453C7}.Release|Any CPU.ActiveCfg = Release|Any CPU
		{691C7A30-019A-46EB-BE3E-355FDA7453C7}.Release|Any CPU.Build.0 = Release|Any CPU
		{E6713962-6B5B-4340-8DAF-6BFC9D141CF0}.Debug|Any CPU.ActiveCfg = Debug|Any CPU
		{E6713962-6B5B-4340-8DAF-6BFC9D141CF0}.Debug|Any CPU.Build.0 = Debug|Any CPU
		{E6713962-6B5B-4340-8DAF-6BFC9D141CF0}.Release|Any CPU.ActiveCfg = Release|Any CPU
		{E6713962-6B5B-4340-8DAF-6BFC9D141CF0}.Release|Any CPU.Build.0 = Release|Any CPU
	EndGlobalSection
	GlobalSection(SolutionProperties) = preSolution
		HideSolutionNode = FALSE
	EndGlobalSection
	GlobalSection(ExtensibilityGlobals) = postSolution
		SolutionGuid = {FD9BF1F3-C734-4928-8081-EA2221E7AC2C}
	EndGlobalSection
EndGlobal
