
Microsoft Visual Studio Solution File, Format Version 12.00
# Visual Studio Version 17
VisualStudioVersion = 17.7.34221.43
MinimumVisualStudioVersion = 10.0.40219.1
Project("{FAE04EC0-301F-11D3-BF4B-00C04F79EFBC}") = "01. Count Same Values in Array", "01. Count Same Values in Array\01. Count Same Values in Array.csproj", "{B1D9139C-CD6A-467A-8814-FD5A74AE38B3}"
EndProject
Project("{FAE04EC0-301F-11D3-BF4B-00C04F79EFBC}") = "02. Average Student Grades", "02. Average Student Grades\02. Average Student Grades.csproj", "{82B1CF50-7CF5-4AF8-8B46-75149C8A0795}"
EndProject
Project("{FAE04EC0-301F-11D3-BF4B-00C04F79EFBC}") = "03. Largest 3 Numbers", "03. Largest 3 Numbers\03. Largest 3 Numbers.csproj", "{97C923DD-243C-40E1-A8B9-121CC54F6452}"
EndProject
Project("{FAE04EC0-301F-11D3-BF4B-00C04F79EFBC}") = "04. Product Shop", "04. Product Shop\04. Product Shop.csproj", "{CF664B4D-A427-4C68-8476-473231FD8B9A}"
EndProject
Global
	GlobalSection(SolutionConfigurationPlatforms) = preSolution
		Debug|Any CPU = Debug|Any CPU
		Release|Any CPU = Release|Any CPU
	EndGlobalSection
	GlobalSection(ProjectConfigurationPlatforms) = postSolution
		{B1D9139C-CD6A-467A-8814-FD5A74AE38B3}.Debug|Any CPU.ActiveCfg = Debug|Any CPU
		{B1D9139C-CD6A-467A-8814-FD5A74AE38B3}.Debug|Any CPU.Build.0 = Debug|Any CPU
		{B1D9139C-CD6A-467A-8814-FD5A74AE38B3}.Release|Any CPU.ActiveCfg = Release|Any CPU
		{B1D9139C-CD6A-467A-8814-FD5A74AE38B3}.Release|Any CPU.Build.0 = Release|Any CPU
		{82B1CF50-7CF5-4AF8-8B46-75149C8A0795}.Debug|Any CPU.ActiveCfg = Debug|Any CPU
		{82B1CF50-7CF5-4AF8-8B46-75149C8A0795}.Debug|Any CPU.Build.0 = Debug|Any CPU
		{82B1CF50-7CF5-4AF8-8B46-75149C8A0795}.Release|Any CPU.ActiveCfg = Release|Any CPU
		{82B1CF50-7CF5-4AF8-8B46-75149C8A0795}.Release|Any CPU.Build.0 = Release|Any CPU
		{97C923DD-243C-40E1-A8B9-121CC54F6452}.Debug|Any CPU.ActiveCfg = Debug|Any CPU
		{97C923DD-243C-40E1-A8B9-121CC54F6452}.Debug|Any CPU.Build.0 = Debug|Any CPU
		{97C923DD-243C-40E1-A8B9-121CC54F6452}.Release|Any CPU.ActiveCfg = Release|Any CPU
		{97C923DD-243C-40E1-A8B9-121CC54F6452}.Release|Any CPU.Build.0 = Release|Any CPU
		{CF664B4D-A427-4C68-8476-473231FD8B9A}.Debug|Any CPU.ActiveCfg = Debug|Any CPU
		{CF664B4D-A427-4C68-8476-473231FD8B9A}.Debug|Any CPU.Build.0 = Debug|Any CPU
		{CF664B4D-A427-4C68-8476-473231FD8B9A}.Release|Any CPU.ActiveCfg = Release|Any CPU
		{CF664B4D-A427-4C68-8476-473231FD8B9A}.Release|Any CPU.Build.0 = Release|Any CPU
	EndGlobalSection
	GlobalSection(SolutionProperties) = preSolution
		HideSolutionNode = FALSE
	EndGlobalSection
	GlobalSection(ExtensibilityGlobals) = postSolution
		SolutionGuid = {F73B847D-993A-442D-A650-9F6A8F113FCA}
	EndGlobalSection
EndGlobal
